<?xml version="1.0" encoding="utf-8"?>
<Project ToolsVersion="4.0" xmlns="http://schemas.microsoft.com/developer/msbuild/2003">
  <ItemGroup>
    <Filter Include="Framework">
      <UniqueIdentifier>{4FC737F1-C7A5-4376-A066-2A32D752A2FF}</UniqueIdentifier>
      <Extensions>cpp;c;cc;cxx;c++;cppm;ixx;def;odl;idl;hpj;bat;asm;asmx</Extensions>
    </Filter>
    <Filter Include="Gameplay">
      <UniqueIdentifier>{f89b941d-5e5f-4679-b85f-964c9273472f}</UniqueIdentifier>
    </Filter>
    <Filter Include="Shaders">
      <UniqueIdentifier>{627a1176-622b-41e2-aebd-30cce0d50e4e}</UniqueIdentifier>
    </Filter>
    <Filter Include="Data">
      <UniqueIdentifier>{393c6b01-da0b-4a74-bdfc-f996e9b7faa3}</UniqueIdentifier>
    </Filter>
  </ItemGroup>
  <ItemGroup>
    <ClCompile Include="Main_Windows.cpp">
      <Filter>Framework</Filter>
    </ClCompile>
    <ClCompile Include="App.cpp">
      <Filter>Framework</Filter>
    </ClCompile>
    <ClCompile Include="Game.cpp">
      <Filter>Gameplay</Filter>
    </ClCompile>
    <ClCompile Include="Entity.cpp">
      <Filter>Gameplay</Filter>
    </ClCompile>
    <ClCompile Include="GameCommon.cpp">
      <Filter>Gameplay</Filter>
    </ClCompile>
    <ClCompile Include="Player.cpp">
      <Filter>Gameplay</Filter>
    </ClCompile>
    <ClCompile Include="Prop.cpp">
      <Filter>Gameplay</Filter>
    </ClCompile>
    <ClCompile Include="ParticleEditorModule.cpp">
      <Filter>Gameplay</Filter>
    </ClCompile>
    <ClCompile Include="ParticleEditorBaseModule.cpp">
      <Filter>Gameplay</Filter>
    </ClCompile>
    <ClCompile Include="ParticleEditorShapeModule.cpp">
      <Filter>Gameplay</Filter>
    </ClCompile>
    <ClCompile Include="EmitterWindow.cpp">
      <Filter>Gameplay</Filter>
    </ClCompile>
    <ClCompile Include="CurveEditor.cpp">
      <Filter>Gameplay</Filter>
    </ClCompile>
    <ClCompile Include="ParticleEditorSizeOverLifetime.cpp">
      <Filter>Gameplay</Filter>
    </ClCompile>
    <ClCompile Include="ParticleEditorVelocityOverLifetime.cpp">
      <Filter>Gameplay</Filter>
    </ClCompile>
    <ClCompile Include="ParticleEditorRendererModule.cpp">
      <Filter>Gameplay</Filter>
    </ClCompile>
    <ClCompile Include="ParticleEditorColorOverLifetime.cpp">
      <Filter>Gameplay</Filter>
    </ClCompile>
    <ClCompile Include="ParticleEditorPhysicsModule.cpp">
      <Filter>Gameplay</Filter>
    </ClCompile>
    <ClCompile Include="ParticleEditor.cpp">
      <Filter>Gameplay</Filter>
    </ClCompile>
    <ClCompile Include="Zoo.cpp">
      <Filter>Gameplay</Filter>
    </ClCompile>
    <ClCompile Include="ParticleEditorEmissionModule.cpp">
      <Filter>Gameplay</Filter>
    </ClCompile>
    <ClCompile Include="ParticleEditorRotationOverLifetime.cpp">
      <Filter>Gameplay</Filter>
    </ClCompile>
    <ClCompile Include="ParticleEditorOrbitalVelocityOverLifetime.cpp">
      <Filter>Gameplay</Filter>
    </ClCompile>
  </ItemGroup>
  <ItemGroup>
    <ClInclude Include="App.hpp">
      <Filter>Framework</Filter>
    </ClInclude>
    <ClInclude Include="Game.hpp">
      <Filter>Gameplay</Filter>
    </ClInclude>
    <ClInclude Include="Entity.hpp">
      <Filter>Gameplay</Filter>
    </ClInclude>
    <ClInclude Include="GameCommon.hpp">
      <Filter>Gameplay</Filter>
    </ClInclude>
    <ClInclude Include="EngineBuildPreferences.hpp">
      <Filter>Gameplay</Filter>
    </ClInclude>
    <ClInclude Include="Player.hpp">
      <Filter>Gameplay</Filter>
    </ClInclude>
    <ClInclude Include="Prop.hpp">
      <Filter>Gameplay</Filter>
    </ClInclude>
    <ClInclude Include="ParticleEditorModule.hpp">
      <Filter>Gameplay</Filter>
    </ClInclude>
    <ClInclude Include="ParticleEditorBaseModule.hpp">
      <Filter>Gameplay</Filter>
    </ClInclude>
    <ClInclude Include="ParticleEditorShapeModule.hpp">
      <Filter>Gameplay</Filter>
    </ClInclude>
    <ClInclude Include="EmitterWindow.hpp">
      <Filter>Gameplay</Filter>
    </ClInclude>
    <ClInclude Include="CurveEditor.hpp">
      <Filter>Gameplay</Filter>
    </ClInclude>
    <ClInclude Include="ParticleEditorSizeOverLifetime.hpp">
      <Filter>Gameplay</Filter>
    </ClInclude>
    <ClInclude Include="ParticleEditorVelocityOverLifetime.hpp">
      <Filter>Gameplay</Filter>
    </ClInclude>
    <ClInclude Include="ParticleEditorRendererModule.hpp">
      <Filter>Gameplay</Filter>
    </ClInclude>
    <ClInclude Include="ParticleEditorColorOverLifetime.hpp">
      <Filter>Gameplay</Filter>
    </ClInclude>
    <ClInclude Include="ParticleEditorPhysicsModule.hpp">
      <Filter>Gameplay</Filter>
    </ClInclude>
    <ClInclude Include="ParticleEditor.hpp">
      <Filter>Gameplay</Filter>
    </ClInclude>
    <ClInclude Include="Zoo.hpp">
      <Filter>Gameplay</Filter>
    </ClInclude>
    <ClInclude Include="ParticleEditorEmissionModule.hpp">
      <Filter>Gameplay</Filter>
    </ClInclude>
    <ClInclude Include="ParticleEditorRotationOverLifetime.hpp">
      <Filter>Gameplay</Filter>
    </ClInclude>
    <ClInclude Include="ParticleEditorOrbitalVelocityOverLifetime.hpp">
      <Filter>Gameplay</Filter>
    </ClInclude>
  </ItemGroup>
  <ItemGroup>
    <FxCompile Include="..\..\Run\Data\Shaders\Default.hlsl">
      <Filter>Shaders</Filter>
    </FxCompile>
    <FxCompile Include="..\..\Run\Data\Shaders\SimulateCS.hlsl">
      <Filter>Shaders</Filter>
    </FxCompile>
    <FxCompile Include="..\..\Run\Data\Shaders\BillboardCS.hlsl">
      <Filter>Shaders</Filter>
    </FxCompile>
    <FxCompile Include="..\..\Run\Data\Shaders\Particles.hlsl">
      <Filter>Shaders</Filter>
    </FxCompile>
    <FxCompile Include="..\..\Run\Data\Shaders\CommonCS.hlsl">
      <Filter>Shaders</Filter>
    </FxCompile>
    <FxCompile Include="..\..\Run\Data\Shaders\SpawnCS.hlsl">
      <Filter>Shaders</Filter>
    </FxCompile>
    <FxCompile Include="..\..\Run\Data\Shaders\FinishSimCS.hlsl">
      <Filter>Shaders</Filter>
    </FxCompile>
    <FxCompile Include="..\..\Run\Data\Shaders\OddEvenSortCS.hlsl">
      <Filter>Shaders</Filter>
    </FxCompile>
    <FxCompile Include="..\..\Run\Data\Shaders\SetupSimCS.hlsl">
      <Filter>Shaders</Filter>
    </FxCompile>
    <FxCompile Include="..\..\Run\Data\Shaders\SpriteLit.hlsl">
      <Filter>Shaders</Filter>
    </FxCompile>
    <FxCompile Include="..\..\Run\Data\Shaders\CPUParticles.hlsl">
      <Filter>Shaders</Filter>
    </FxCompile>
    <FxCompile Include="..\..\Run\Data\Shaders\InitSortArgsCS.hlsl">
      <Filter>Shaders</Filter>
    </FxCompile>
    <FxCompile Include="..\..\Run\Data\Shaders\SortInnerCS.hlsl">
      <Filter>Shaders</Filter>
    </FxCompile>
    <FxCompile Include="..\..\Run\Data\Shaders\SortStepCS2.hlsl">
      <Filter>Shaders</Filter>
    </FxCompile>
    <FxCompile Include="..\..\Run\Data\Shaders\SortCS.hlsl">
      <Filter>Shaders</Filter>
    </FxCompile>
    <FxCompile Include="..\..\Run\Data\Shaders\Skybox.hlsl">
      <Filter>Shaders</Filter>
    </FxCompile>
  </ItemGroup>
  <ItemGroup>
    <Xml Include="..\..\Run\Data\GameConfig.xml">
      <Filter>Data</Filter>
    </Xml>
    <Xml Include="..\..\Run\Data\ParticleSystemData\Test.xml">
      <Filter>Data</Filter>
    </Xml>
  </ItemGroup>
</Project>